
Microsoft Visual Studio Solution File, Format Version 12.00
# Visual Studio Version 17
VisualStudioVersion = 17.5.33627.172
MinimumVisualStudioVersion = 10.0.40219.1
Project("{FAE04EC0-301F-11D3-BF4B-00C04F79EFBC}") = "BrokPaint", "BrokPaint\BrokPaint.csproj", "{7E12EE75-987F-4375-BE72-9DBE81C7F717}"
EndProject
Global
	GlobalSection(SolutionConfigurationPlatforms) = preSolution
		Debug|Any CPU = Debug|Any CPU
		Release|Any CPU = Release|Any CPU
	EndGlobalSection
	GlobalSection(ProjectConfigurationPlatforms) = postSolution
		{7E12EE75-987F-4375-BE72-9DBE81C7F717}.Debug|Any CPU.ActiveCfg = Debug|Any CPU
		{7E12EE75-987F-4375-BE72-9DBE81C7F717}.Debug|Any CPU.Build.0 = Debug|Any CPU
		{7E12EE75-987F-4375-BE72-9DBE81C7F717}.Release|Any CPU.ActiveCfg = Release|Any CPU
		{7E12EE75-987F-4375-BE72-9DBE81C7F717}.Release|Any CPU.Build.0 = Release|Any CPU
	EndGlobalSection
	GlobalSection(SolutionProperties) = preSolution
		HideSolutionNode = FALSE
	EndGlobalSection
	GlobalSection(ExtensibilityGlobals) = postSolution
		SolutionGuid = {EBFDFB8B-C77F-4036-A391-7BA158B048AC}
	EndGlobalSection
EndGlobal
